
Microsoft Visual Studio Solution File, Format Version 12.00
# Visual Studio Version 17
VisualStudioVersion = 17.6.33712.159
MinimumVisualStudioVersion = 10.0.40219.1
Project("{FAE04EC0-301F-11D3-BF4B-00C04F79EFBC}") = "HTMLprocess", "HTMLprocess\HTMLprocess.csproj", "{B8AE0B49-89CF-4418-BE21-C5880A4412CC}"
EndProject
Global
	GlobalSection(SolutionConfigurationPlatforms) = preSolution
		Debug|Any CPU = Debug|Any CPU
		Release|Any CPU = Release|Any CPU
	EndGlobalSection
	GlobalSection(ProjectConfigurationPlatforms) = postSolution
		{B8AE0B49-89CF-4418-BE21-C5880A4412CC}.Debug|Any CPU.ActiveCfg = Debug|Any CPU
		{B8AE0B49-89CF-4418-BE21-C5880A4412CC}.Debug|Any CPU.Build.0 = Debug|Any CPU
		{B8AE0B49-89CF-4418-BE21-C5880A4412CC}.Release|Any CPU.ActiveCfg = Release|Any CPU
		{B8AE0B49-89CF-4418-BE21-C5880A4412CC}.Release|Any CPU.Build.0 = Release|Any CPU
	EndGlobalSection
	GlobalSection(SolutionProperties) = preSolution
		HideSolutionNode = FALSE
	EndGlobalSection
	GlobalSection(ExtensibilityGlobals) = postSolution
		SolutionGuid = {19F4000D-A97B-4480-81C6-3BF18F75598F}
	EndGlobalSection
EndGlobal
